{
  "version": 4,
  "terraform_version": "1.9.8",
  "serial": 11,
  "lineage": "8b9fd547-334f-101a-727a-890683fdef49",
  "outputs": {
    "public_ip": {
      "value": "13.48.68.155",
      "type": "string"
    }
  },
  "resources": [
    {
      "mode": "managed",
      "type": "aws_instance",
      "name": "de_ec2",
      "provider": "provider[\"registry.terraform.io/hashicorp/aws\"]",
      "instances": [
        {
          "schema_version": 1,
          "attributes": {
            "ami": "ami-04a5f55f5196f401f",
            "arn": "arn:aws:ec2:eu-north-1:779846818770:instance/i-0967ffe33cb68b694",
            "associate_public_ip_address": true,
            "availability_zone": "eu-north-1c",
            "capacity_reservation_specification": [
              {
                "capacity_reservation_preference": "open",
                "capacity_reservation_target": []
              }
            ],
            "cpu_core_count": 1,
            "cpu_options": [
              {
                "amd_sev_snp": "",
                "core_count": 1,
                "threads_per_core": 2
              }
            ],
            "cpu_threads_per_core": 2,
            "credit_specification": [
              {
                "cpu_credits": "unlimited"
              }
            ],
            "disable_api_stop": false,
            "disable_api_termination": false,
            "ebs_block_device": [],
            "ebs_optimized": false,
            "enable_primary_ipv6": null,
            "enclave_options": [
              {
                "enabled": false
              }
            ],
            "ephemeral_block_device": [],
            "get_password_data": false,
            "hibernation": false,
            "host_id": "",
            "host_resource_group_arn": null,
            "iam_instance_profile": "",
            "id": "i-0967ffe33cb68b694",
            "instance_initiated_shutdown_behavior": "stop",
            "instance_lifecycle": "",
            "instance_market_options": [],
            "instance_state": "running",
            "instance_type": "t3.medium",
            "ipv6_address_count": 0,
            "ipv6_addresses": [],
            "key_name": "dataops-key",
            "launch_template": [],
            "maintenance_options": [
              {
                "auto_recovery": "default"
              }
            ],
            "metadata_options": [
              {
                "http_endpoint": "enabled",
                "http_protocol_ipv6": "disabled",
                "http_put_response_hop_limit": 1,
                "http_tokens": "optional",
                "instance_metadata_tags": "disabled"
              }
            ],
            "monitoring": false,
            "network_interface": [],
            "outpost_arn": "",
            "password_data": "",
            "placement_group": "",
            "placement_partition_number": 0,
            "primary_network_interface_id": "eni-031cf142e22a6e4da",
            "private_dns": "ip-172-31-5-212.eu-north-1.compute.internal",
            "private_dns_name_options": [
              {
                "enable_resource_name_dns_a_record": false,
                "enable_resource_name_dns_aaaa_record": false,
                "hostname_type": "ip-name"
              }
            ],
            "private_ip": "172.31.5.212",
            "public_dns": "ec2-13-48-68-155.eu-north-1.compute.amazonaws.com",
            "public_ip": "13.48.68.155",
            "root_block_device": [
              {
                "delete_on_termination": true,
                "device_name": "/dev/sda1",
                "encrypted": false,
                "iops": 100,
                "kms_key_id": "",
                "tags": {},
                "tags_all": {},
                "throughput": 0,
                "volume_id": "vol-0927e86167b85819e",
                "volume_size": 8,
                "volume_type": "gp2"
              }
            ],
            "secondary_private_ips": [],
            "security_groups": [
              "de-sg"
            ],
            "source_dest_check": true,
            "spot_instance_request_id": "",
            "subnet_id": "subnet-0f258407253dc3988",
            "tags": {
              "Name": "de-instance"
            },
            "tags_all": {
              "Name": "de-instance"
            },
            "tenancy": "default",
            "timeouts": null,
            "user_data": null,
            "user_data_base64": null,
            "user_data_replace_on_change": false,
            "volume_tags": null,
            "vpc_security_group_ids": [
              "sg-0af8b99847bda3fc4"
            ]
          },
          "sensitive_attributes": [],
          "private": "eyJlMmJmYjczMC1lY2FhLTExZTYtOGY4OC0zNDM2M2JjN2M0YzAiOnsiY3JlYXRlIjo2MDAwMDAwMDAwMDAsImRlbGV0ZSI6MTIwMDAwMDAwMDAwMCwicmVhZCI6OTAwMDAwMDAwMDAwLCJ1cGRhdGUiOjYwMDAwMDAwMDAwMH0sInNjaGVtYV92ZXJzaW9uIjoiMSJ9",
          "dependencies": [
            "aws_key_pair.de_key",
            "aws_security_group.de_sg"
          ]
        }
      ]
    },
    {
      "mode": "managed",
      "type": "aws_key_pair",
      "name": "de_key",
      "provider": "provider[\"registry.terraform.io/hashicorp/aws\"]",
      "instances": [
        {
          "schema_version": 1,
          "attributes": {
            "arn": "arn:aws:ec2:eu-north-1:779846818770:key-pair/dataops-key",
            "fingerprint": "3f:6b:a7:9e:f8:11:ef:66:cc:31:5c:25:30:d8:fe:15",
            "id": "dataops-key",
            "key_name": "dataops-key",
            "key_name_prefix": "",
            "key_pair_id": "key-03235e59388a46e8e",
            "key_type": "rsa",
            "public_key": "ssh-rsa AAAAB3NzaC1yc2EAAAADAQABAAACAQCWgWFP98Az6dX41Z7BAiNBODxNjXuT0n/rZMBxZWTuw1eoeumB3Vf6BouNkmvWlU69C0aGYhqbz7rx+QxnjPhWfUnPLXsOBwczuUfCQgFuWbOqCks/IWryzfkUuf7LVOuvMSL+bcBH8kI2N7XMtaiFi3VLOSAlzdOpC4B+zZg0BnpDzjrN1/0pY3jPP7zD7UBlxOEWCYwNtIEiofGDwZu9xQh45+tddB63+bWhJ57Xs/ZAZtaCE+wdilz1A42Jh1SL8XCN/9syeAH5XLZyliXG3EryHCRzYbTTb2tmNQjw/62XJxX1300yjsZpUevNj2a287VVPkAF3eIWhcyFyJaR5ftEuUGYpCS9anN2leNTt8cF2r0NOMcyRp3YQX25EzbbGMAOCPFSCx4RrRPCsnoHAopsKUTIhbjZfIyTXC3xN/vmVD2HmFyfdhqxR3vkX8xRl7prgYDJREIvS28kNSAwv1jzzRp7QZmxRNc9JfoacRKKHz+5HE9AYk9nMagJuE23d8MFT//XLOm3KsaPdt3d4D9Ca8lYiEEgyK9BS60llP+sKy2iVTaixD6bL92rDnjCWVAv4YgLdRvFBYYVG9/WQSAKrqmI2PIPWStpmG4HErGaF8ixCxj3IlHcvk4O/oEjQ64HxbCS0OMME8CWubfeqBgRKkm0HUrpuiNpZFtX2w== gast@Oleksiis-MacBook-Air.local",
            "tags": {},
            "tags_all": {}
          },
          "sensitive_attributes": [],
          "private": "eyJzY2hlbWFfdmVyc2lvbiI6IjEifQ=="
        }
      ]
    },
    {
      "mode": "managed",
      "type": "aws_security_group",
      "name": "de_sg",
      "provider": "provider[\"registry.terraform.io/hashicorp/aws\"]",
      "instances": [
        {
          "schema_version": 1,
          "attributes": {
            "arn": "arn:aws:ec2:eu-north-1:779846818770:security-group/sg-0af8b99847bda3fc4",
            "description": "Allow SSH and Postgres",
            "egress": [
              {
                "cidr_blocks": [
                  "0.0.0.0/0"
                ],
                "description": "",
                "from_port": 0,
                "ipv6_cidr_blocks": [],
                "prefix_list_ids": [],
                "protocol": "-1",
                "security_groups": [],
                "self": false,
                "to_port": 0
              }
            ],
            "id": "sg-0af8b99847bda3fc4",
            "ingress": [
              {
                "cidr_blocks": [
                  "0.0.0.0/0"
                ],
                "description": "",
                "from_port": 22,
                "ipv6_cidr_blocks": [],
                "prefix_list_ids": [],
                "protocol": "tcp",
                "security_groups": [],
                "self": false,
                "to_port": 22
              },
              {
                "cidr_blocks": [
                  "0.0.0.0/0"
                ],
                "description": "",
                "from_port": 5432,
                "ipv6_cidr_blocks": [],
                "prefix_list_ids": [],
                "protocol": "tcp",
                "security_groups": [],
                "self": false,
                "to_port": 5432
              }
            ],
            "name": "de-sg",
            "name_prefix": "",
            "owner_id": "779846818770",
            "revoke_rules_on_delete": false,
            "tags": {},
            "tags_all": {},
            "timeouts": null,
            "vpc_id": "vpc-0df7f2b708c31eed1"
          },
          "sensitive_attributes": [],
          "private": "eyJlMmJmYjczMC1lY2FhLTExZTYtOGY4OC0zNDM2M2JjN2M0YzAiOnsiY3JlYXRlIjo2MDAwMDAwMDAwMDAsImRlbGV0ZSI6OTAwMDAwMDAwMDAwfSwic2NoZW1hX3ZlcnNpb24iOiIxIn0="
        }
      ]
    }
  ],
  "check_results": null
}
